{
    "name": "server",
    "version": "1.0.0",
    "lockfileVersion": 2,
    "requires": true,
    "packages": {
        "": {
            "name": "server",
            "version": "1.0.0",
            "license": "ISC",
            "dependencies": {
                "moment": "^2.29.4",
                "mongoose-model-templates": "^1.1.7"
            }
        },
        "../../package": {
            "name": "mongoose-model-templates",
            "version": "1.1.7",
            "extraneous": true,
            "hasInstallScript": true,
            "license": "ISC",
            "dependencies": {
                "fs": "^0.0.1-security",
                "minimist": "^1.2.6"
            }
        },
        "node_modules/fs": {
            "version": "0.0.1-security",
            "resolved": "https://registry.npmjs.org/fs/-/fs-0.0.1-security.tgz",
            "integrity": "sha512-3XY9e1pP0CVEUCdj5BmfIZxRBTSDycnbqhIOGec9QYtmVH2fbLpj86CFWkrNOkt/Fvty4KZG5lTglL9j/gJ87w=="
        },
        "node_modules/minimist": {
            "version": "1.2.6",
            "resolved": "https://registry.npmjs.org/minimist/-/minimist-1.2.6.tgz",
            "integrity": "sha512-Jsjnk4bw3YJqYzbdyBiNsPWHPfO++UGG749Cxs6peCu5Xg4nrena6OVxOYxrQTqww0Jmwt+Ref8rggumkTLz9Q=="
        },
        "node_modules/moment": {
            "version": "2.29.4",
            "resolved": "https://registry.npmjs.org/moment/-/moment-2.29.4.tgz",
            "integrity": "sha512-5LC9SOxjSc2HF6vO2CyuTDNivEdoz2IvyJJGj6X8DJ0eFyfszE0QiEd+iXmBvUP3WHxSjFH/vIsA0EN00cgr8w==",
            "engines": {
                "node": "*"
            }
        },
        "node_modules/mongoose-model-templates": {
            "version": "1.1.7",
            "resolved": "https://registry.npmjs.org/mongoose-model-templates/-/mongoose-model-templates-1.1.7.tgz",
            "integrity": "sha512-v2M3pAhPDUpCNtbi9ZzQlip5Rt0813vKApK96AwLWiAxSyTQVPVRQes1Bcym317ctqCc8mC3wPonk4iIutjy3A==",
            "hasInstallScript": true,
            "dependencies": {
                "fs": "^0.0.1-security",
                "minimist": "^1.2.6"
            }
        }
    },
    "dependencies": {
        "fs": {
            "version": "0.0.1-security",
            "resolved": "https://registry.npmjs.org/fs/-/fs-0.0.1-security.tgz",
            "integrity": "sha512-3XY9e1pP0CVEUCdj5BmfIZxRBTSDycnbqhIOGec9QYtmVH2fbLpj86CFWkrNOkt/Fvty4KZG5lTglL9j/gJ87w=="
        },
        "minimist": {
            "version": "1.2.6",
            "resolved": "https://registry.npmjs.org/minimist/-/minimist-1.2.6.tgz",
            "integrity": "sha512-Jsjnk4bw3YJqYzbdyBiNsPWHPfO++UGG749Cxs6peCu5Xg4nrena6OVxOYxrQTqww0Jmwt+Ref8rggumkTLz9Q=="
        },
        "moment": {
            "version": "2.29.4",
            "resolved": "https://registry.npmjs.org/moment/-/moment-2.29.4.tgz",
            "integrity": "sha512-5LC9SOxjSc2HF6vO2CyuTDNivEdoz2IvyJJGj6X8DJ0eFyfszE0QiEd+iXmBvUP3WHxSjFH/vIsA0EN00cgr8w=="
        },
        "mongoose-model-templates": {
            "version": "1.1.7",
            "resolved": "https://registry.npmjs.org/mongoose-model-templates/-/mongoose-model-templates-1.1.7.tgz",
            "integrity": "sha512-v2M3pAhPDUpCNtbi9ZzQlip5Rt0813vKApK96AwLWiAxSyTQVPVRQes1Bcym317ctqCc8mC3wPonk4iIutjy3A==",
            "requires": {
                "fs": "^0.0.1-security",
                "minimist": "^1.2.6"
            }
        }
    }
}
