{
  "name": "mern-model-generator",
  "version": "1.0.41",
  "lockfileVersion": 2,
  "requires": true,
  "packages": {
    "": {
      "name": "mern-model-generator",
      "version": "1.0.41",
      "hasInstallScript": true,
      "license": "ISC",
      "dependencies": {
        "change-package-name": "^1.0.5",
        "fs": "^0.0.1-security",
        "minimist": "^1.2.6"
      }
    },
    "node_modules/change-package-name": {
      "version": "1.0.5",
      "resolved": "https://registry.npmjs.org/change-package-name/-/change-package-name-1.0.5.tgz",
      "integrity": "sha512-sONGq/TRZYq2vVoWykD+kRnEwkXJ7oyxKdnli1oktiwbHMXKkYWBcGfJI5ve8GjP0zXz4I+HVM0fynDQA9RXvQ==",
      "bin": {
        "change-package-name": "main.js"
      }
    },
    "node_modules/fs": {
      "version": "0.0.1-security",
      "resolved": "https://registry.npmjs.org/fs/-/fs-0.0.1-security.tgz",
      "integrity": "sha512-3XY9e1pP0CVEUCdj5BmfIZxRBTSDycnbqhIOGec9QYtmVH2fbLpj86CFWkrNOkt/Fvty4KZG5lTglL9j/gJ87w=="
    },
    "node_modules/minimist": {
      "version": "1.2.6",
      "resolved": "https://registry.npmjs.org/minimist/-/minimist-1.2.6.tgz",
      "integrity": "sha512-Jsjnk4bw3YJqYzbdyBiNsPWHPfO++UGG749Cxs6peCu5Xg4nrena6OVxOYxrQTqww0Jmwt+Ref8rggumkTLz9Q=="
    }
  },
  "dependencies": {
    "change-package-name": {
      "version": "1.0.5",
      "resolved": "https://registry.npmjs.org/change-package-name/-/change-package-name-1.0.5.tgz",
      "integrity": "sha512-sONGq/TRZYq2vVoWykD+kRnEwkXJ7oyxKdnli1oktiwbHMXKkYWBcGfJI5ve8GjP0zXz4I+HVM0fynDQA9RXvQ=="
    },
    "fs": {
      "version": "0.0.1-security",
      "resolved": "https://registry.npmjs.org/fs/-/fs-0.0.1-security.tgz",
      "integrity": "sha512-3XY9e1pP0CVEUCdj5BmfIZxRBTSDycnbqhIOGec9QYtmVH2fbLpj86CFWkrNOkt/Fvty4KZG5lTglL9j/gJ87w=="
    },
    "minimist": {
      "version": "1.2.6",
      "resolved": "https://registry.npmjs.org/minimist/-/minimist-1.2.6.tgz",
      "integrity": "sha512-Jsjnk4bw3YJqYzbdyBiNsPWHPfO++UGG749Cxs6peCu5Xg4nrena6OVxOYxrQTqww0Jmwt+Ref8rggumkTLz9Q=="
    }
  }
}
